
Microsoft Visual Studio Solution File, Format Version 11.00
# Visual Studio 2010
Project("{FAE04EC0-301F-11D3-BF4B-00C04F79EFBC}") = "Assembly-CSharp", "Assembly-CSharp.csproj", "{AC4FBB5C-AFFB-A376-BC4F-643857AD3899}"
EndProject
Project("{FAE04EC0-301F-11D3-BF4B-00C04F79EFBC}") = "Assembly-CSharp-Editor", "Assembly-CSharp-Editor.csproj", "{286783EC-F84C-657F-A575-DAD9941CC860}"
EndProject
Global
	GlobalSection(SolutionConfigurationPlatforms) = preSolution
		Debug|Any CPU = Debug|Any CPU
		Release|Any CPU = Release|Any CPU
	EndGlobalSection
	GlobalSection(ProjectConfigurationPlatforms) = postSolution
		{AC4FBB5C-AFFB-A376-BC4F-643857AD3899}.Debug|Any CPU.ActiveCfg = Debug|Any CPU
		{AC4FBB5C-AFFB-A376-BC4F-643857AD3899}.Debug|Any CPU.Build.0 = Debug|Any CPU
		{AC4FBB5C-AFFB-A376-BC4F-643857AD3899}.Release|Any CPU.ActiveCfg = Release|Any CPU
		{AC4FBB5C-AFFB-A376-BC4F-643857AD3899}.Release|Any CPU.Build.0 = Release|Any CPU
		{286783EC-F84C-657F-A575-DAD9941CC860}.Debug|Any CPU.ActiveCfg = Debug|Any CPU
		{286783EC-F84C-657F-A575-DAD9941CC860}.Debug|Any CPU.Build.0 = Debug|Any CPU
		{286783EC-F84C-657F-A575-DAD9941CC860}.Release|Any CPU.ActiveCfg = Release|Any CPU
		{286783EC-F84C-657F-A575-DAD9941CC860}.Release|Any CPU.Build.0 = Release|Any CPU
	EndGlobalSection
	GlobalSection(SolutionProperties) = preSolution
		HideSolutionNode = FALSE
	EndGlobalSection
	GlobalSection(MonoDevelopProperties) = preSolution
		StartupItem = Assembly-CSharp.csproj
	EndGlobalSection
EndGlobal
